{
    "_readme": [
        "This file locks the dependencies of your project to a known state",
        "Read more about it at https://getcomposer.org/doc/01-basic-usage.md#installing-dependencies",
        "This file is @generated automatically"
    ],
    "content-hash": "e097ed36c2f4f142bc3981f502465607",
    "packages": [
        {
            "name": "composer/class-map-generator",
            "version": "dev-main",
            "source": {
                "type": "git",
                "url": "https://github.com/composer/class-map-generator.git",
                "reference": "953cc4ea32e0c31f2185549c7d216d7921f03da9"
            },
            "dist": {
                "type": "zip",
                "url": "https://api.github.com/repos/composer/class-map-generator/zipball/953cc4ea32e0c31f2185549c7d216d7921f03da9",
                "reference": "953cc4ea32e0c31f2185549c7d216d7921f03da9",
                "shasum": ""
            },
            "require": {
                "composer/pcre": "^2.1 || ^3.1",
                "php": "^7.2 || ^8.0",
                "symfony/finder": "^4.4 || ^5.3 || ^6 || ^7"
            },
            "require-dev": {
                "phpstan/phpstan": "^1.6",
                "phpstan/phpstan-deprecation-rules": "^1",
                "phpstan/phpstan-phpunit": "^1",
                "phpstan/phpstan-strict-rules": "^1.1",
                "symfony/filesystem": "^5.4 || ^6",
                "symfony/phpunit-bridge": "^5"
            },
            "default-branch": true,
            "type": "library",
            "extra": {
                "branch-alias": {
                    "dev-main": "1.x-dev"
                }
            },
            "autoload": {
                "psr-4": {
                    "Composer\\ClassMapGenerator\\": "src"
                }
            },
            "notification-url": "https://packagist.org/downloads/",
            "license": [
                "MIT"
            ],
            "authors": [
                {
                    "name": "Jordi Boggiano",
                    "email": "j.boggiano@seld.be",
                    "homepage": "https://seld.be"
                }
            ],
            "description": "Utilities to scan PHP code and generate class maps.",
            "keywords": [
                "classmap"
            ],
            "support": {
                "issues": "https://github.com/composer/class-map-generator/issues",
                "source": "https://github.com/composer/class-map-generator/tree/1.1.0"
            },
            "funding": [
                {
                    "url": "https://packagist.com",
                    "type": "custom"
                },
                {
                    "url": "https://github.com/composer",
                    "type": "github"
                },
                {
                    "url": "https://tidelift.com/funding/github/packagist/composer/composer",
                    "type": "tidelift"
                }
            ],
            "time": "2023-06-30T13:58:57+00:00"
        },
        {
            "name": "composer/pcre",
            "version": "dev-main",
            "source": {
                "type": "git",
                "url": "https://github.com/composer/pcre.git",
                "reference": "00104306927c7a0919b4ced2aaa6782c1e61a3c9"
            },
            "dist": {
                "type": "zip",
                "url": "https://api.github.com/repos/composer/pcre/zipball/00104306927c7a0919b4ced2aaa6782c1e61a3c9",
                "reference": "00104306927c7a0919b4ced2aaa6782c1e61a3c9",
                "shasum": ""
            },
            "require": {
                "php": "^7.4 || ^8.0"
            },
            "require-dev": {
                "phpstan/phpstan": "^1.3",
                "phpstan/phpstan-strict-rules": "^1.1",
                "symfony/phpunit-bridge": "^5"
            },
            "default-branch": true,
            "type": "library",
            "extra": {
                "branch-alias": {
                    "dev-main": "3.x-dev"
                }
            },
            "autoload": {
                "psr-4": {
                    "Composer\\Pcre\\": "src"
                }
            },
            "notification-url": "https://packagist.org/downloads/",
            "license": [
                "MIT"
            ],
            "authors": [
                {
                    "name": "Jordi Boggiano",
                    "email": "j.boggiano@seld.be",
                    "homepage": "http://seld.be"
                }
            ],
            "description": "PCRE wrapping library that offers type-safe preg_* replacements.",
            "keywords": [
                "PCRE",
                "preg",
                "regex",
                "regular expression"
            ],
            "support": {
                "issues": "https://github.com/composer/pcre/issues",
                "source": "https://github.com/composer/pcre/tree/3.1.1"
            },
            "funding": [
                {
                    "url": "https://packagist.com",
                    "type": "custom"
                },
                {
                    "url": "https://github.com/composer",
                    "type": "github"
                },
                {
                    "url": "https://tidelift.com/funding/github/packagist/composer/composer",
                    "type": "tidelift"
                }
            ],
            "time": "2023-10-11T07:11:09+00:00"
        },
        {
            "name": "markdi/markdi",
            "version": "dev-main",
            "source": {
                "type": "git",
                "url": "https://github.com/Shveikin/markdi.git",
                "reference": "259166810968e0ac666e953a522139df62b1825d"
            },
            "dist": {
                "type": "zip",
                "url": "https://api.github.com/repos/Shveikin/markdi/zipball/259166810968e0ac666e953a522139df62b1825d",
                "reference": "259166810968e0ac666e953a522139df62b1825d",
                "shasum": ""
            },
            "require": {
                "composer/class-map-generator": "^1.1"
            },
            "require-dev": {
                "phpunit/phpunit": "^10.4"
            },
            "default-branch": true,
            "bin": [
                "bin/mark"
            ],
            "type": "meta",
            "autoload": {
                "psr-4": {
                    "markdi\\": "src/",
                    "markexample\\": "example/"
                }
            },
            "notification-url": "https://packagist.org/downloads/",
            "license": [
                "MIT"
            ],
            "authors": [
                {
                    "name": "Ilya Shveikin",
                    "email": "no_soap_0@mail.ru"
                }
            ],
            "description": "di plugin",
            "support": {
                "issues": "https://github.com/Shveikin/markdi/issues",
                "source": "https://github.com/Shveikin/markdi/tree/main"
            },
            "time": "2024-01-24T06:58:37+00:00"
        },
        {
            "name": "marksync/di",
            "version": "dev-main",
            "source": {
                "type": "git",
                "url": "https://github.com/Mark5Sync/mark-di.git",
                "reference": "05670433dbd421c7cd25ed6eb9ec2097060d7fd9"
            },
            "dist": {
                "type": "zip",
                "url": "https://api.github.com/repos/Mark5Sync/mark-di/zipball/05670433dbd421c7cd25ed6eb9ec2097060d7fd9",
                "reference": "05670433dbd421c7cd25ed6eb9ec2097060d7fd9",
                "shasum": ""
            },
            "require": {
                "composer/class-map-generator": "^1.1"
            },
            "require-dev": {
                "phpunit/phpunit": "^10.4"
            },
            "default-branch": true,
            "bin": [
                "bin/mark"
            ],
            "type": "meta",
            "autoload": {
                "psr-4": {
                    "markdi\\": "src/"
                }
            },
            "scripts": {
                "post-install-cmd": [
                    "chmod +x bin/mark",
                    "markdi\\Commands::createMarkScript"
                ],
                "post-update-cmd": [
                    "chmod +x bin/mark",
                    "markdi\\Commands::createMarkScript"
                ],
                "mark": [
                    "php vendor/bin/mark"
                ]
            },
            "license": [
                "MIT"
            ],
            "authors": [
                {
                    "name": "II",
                    "email": "no_soap_0@mail.ru"
                }
            ],
            "description": "di",
            "support": {
                "source": "https://github.com/Mark5Sync/mark-di/tree/main",
                "issues": "https://github.com/Mark5Sync/mark-di/issues"
            },
            "time": "2024-01-24T07:10:29+00:00"
        },
        {
            "name": "symfony/finder",
            "version": "7.1.x-dev",
            "source": {
                "type": "git",
                "url": "https://github.com/symfony/finder.git",
                "reference": "beeac2ba50a5dd729d8a23507ad09cdd0f82110c"
            },
            "dist": {
                "type": "zip",
                "url": "https://api.github.com/repos/symfony/finder/zipball/beeac2ba50a5dd729d8a23507ad09cdd0f82110c",
                "reference": "beeac2ba50a5dd729d8a23507ad09cdd0f82110c",
                "shasum": ""
            },
            "require": {
                "php": ">=8.2"
            },
            "require-dev": {
                "symfony/filesystem": "^6.4|^7.0"
            },
            "type": "library",
            "autoload": {
                "psr-4": {
                    "Symfony\\Component\\Finder\\": ""
                },
                "exclude-from-classmap": [
                    "/Tests/"
                ]
            },
            "notification-url": "https://packagist.org/downloads/",
            "license": [
                "MIT"
            ],
            "authors": [
                {
                    "name": "Fabien Potencier",
                    "email": "fabien@symfony.com"
                },
                {
                    "name": "Symfony Community",
                    "homepage": "https://symfony.com/contributors"
                }
            ],
            "description": "Finds files and directories via an intuitive fluent interface",
            "homepage": "https://symfony.com",
            "support": {
                "source": "https://github.com/symfony/finder/tree/7.1"
            },
            "funding": [
                {
                    "url": "https://symfony.com/sponsor",
                    "type": "custom"
                },
                {
                    "url": "https://github.com/fabpot",
                    "type": "github"
                },
                {
                    "url": "https://tidelift.com/funding/github/packagist/symfony/symfony",
                    "type": "tidelift"
                }
            ],
            "time": "2024-01-16T21:21:05+00:00"
        }
    ],
    "packages-dev": [],
    "aliases": [],
    "minimum-stability": "dev",
    "stability-flags": {
        "marksync/di": 20
    },
    "prefer-stable": false,
    "prefer-lowest": false,
    "platform": [],
    "platform-dev": [],
    "plugin-api-version": "2.3.0"
}
